lockfileVersion: '9.0'

settings:
  autoInstallPeers: true
  excludeLinksFromLockfile: false

importers:

  .:
    dependencies:
      '@hookform/resolvers':
        specifier: ^5.9.1
        version: 5.9.1(react-hook-form@7.89.0(@types/react@19.3.0)(react@19.3.0))(zod@4.6.5)
      '@radix-ui/react-accordion':
        specifier: ^1.2.20
        version: 1.2.20(@types/react-dom@19.3.0(@types/react@19.3.0))(@types/react@19.3.0)(react-dom@19.3.0(react@19.3.0))(react@19.3.0)
      '@radix-ui/react-aspect-ratio':
        specifier: ^1.1.15
        version: 1.1.15(@types/react-dom@19.3.0(@types/react@19.3.0))(@types/react@19.3.0)(react-dom@19.3.0(react@19.3.0))(react@19.3.0)
      '@radix-ui/react-avatar':
        specifier: ^1.2.6
        version: 1.2.6(@types/react-dom@19.3.0(@types/react@19.3.0))(@types/react@19.3.0)(react-dom@19.3.0(react@19.3.0))(react@19.3.0)
      '@radix-ui/react-checkbox':
        specifier: ^1.3.11
        version: 1.3.11(@types/react-dom@19.3.0(@types/react@19.3.0))(@types/react@19.3.0)(react-dom@19.3.0(react@19.3.0))(react@19.3.0)
      '@radix-ui/react-collapsible':
        specifier: ^1.1.20
        version: 1.1.20(@types/react-dom@19.3.0(@types/react@19.3.0))(@types/react@19.3.0)(react-dom@19.3.0(react@19.3.0))(react@19.3.0)
      '@radix-ui/react-context-menu':
        specifier: ^2.3.7
        version: 2.3.7(@types/react-dom@19.3.0(@types/react@19.3.0))(@types/react@19.3.0)(react-dom@19.3.0(react@19.3.0))(react@19.3.0)
      '@radix-ui/react-dialog':
        specifier: ^1.1.23
        version: 1.1.23(@types/react-dom@19.3.0(@types/react@19.3.0))(@types/react@19.3.0)(react-dom@19.3.0(react@19.3.0))(react@19.3.0)
      '@radix-ui/react-dropdown-menu':
        specifier: ^2.1.24
        version: 2.1.24(@types/react-dom@19.3.0(@types/react@19.3.0))(@types/react@19.3.0)(react-dom@19.3.0(react@19.3.0))(react@19.3.0)
      '@radix-ui/react-hover-card':
        specifier: ^1.1.23
        version: 1.1.23(@types/react-dom@19.3.0(@types/react@19.3.0))(@types/react@19.3.0)(react-dom@19.3.0(react@19.3.0))(react@19.3.0)
      '@radix-ui/react-label':
        specifier: ^2.1.15
        version: 2.1.15(@types/react-dom@19.3.0(@types/react@19.3.0))(@types/react@19.3.0)(react-dom@19.3.0(react@19.3.0))(react@19.3.0)
      '@radix-ui/react-menubar':
        specifier: ^1.1.24
        version: 1.1.24(@types/react-dom@19.3.0(@types/react@19.3.0))(@types/react@19.3.0)(react-dom@19.3.0(react@19.3.0))(react@19.3.0)
      '@radix-ui/react-navigation-menu':
        specifier: ^1.2.22
        version: 1.2.22(@types/react-dom@19.3.0(@types/react@19.3.0))(@types/react@19.3.0)(react-dom@19.3.0(react@19.3.0))(react@19.3.0)
      '@radix-ui/react-popover':
        specifier: ^1.1.23
        version: 1.1.23(@types/react-dom@19.3.0(@types/react@19.3.0))(@types/react@19.3.0)(react-dom@19.3.0(react@19.3.0))(react@19.3.0)
      '@radix-ui/react-progress':
        specifier: ^1.1.16
        version: 1.1.16(@types/react-dom@19.3.0(@types/react@19.3.0))(@types/react@19.3.0)(react-dom@19.3.0(react@19.3.0))(react@19.3.0)
      '@radix-ui/react-radio-group':
        specifier: ^1.4.7
        version: 1.4.7(@types/react-dom@19.3.0(@types/react@19.3.0))(@types/react@19.3.0)(react-dom@19.3.0(react@19.3.0))(react@19.3.0)
      '@radix-ui/react-scroll-area':
        specifier: ^1.2.18
        version: 1.2.18(@types/react-dom@19.3.0(@types/react@19.3.0))(@types/react@19.3.0)(react-dom@19.3.0(react@19.3.0))(react@19.3.0)
      '@radix-ui/react-select':
        specifier: ^2.3.7
        version: 2.3.7(@types/react-dom@19.3.0(@types/react@19.3.0))(@types/react@19.3.0)(react-dom@19.3.0(react@19.3.0))(react@19.3.0)
      '@radix-ui/react-separator':
        specifier: ^1.1.15
        version: 1.1.15(@types/react-dom@19.3.0(@types/react@19.3.0))(@types/react@19.3.0)(react-dom@19.3.0(react@19.3.0))(react@19.3.0)
      '@radix-ui/react-slider':
        specifier: ^1.4.7
        version: 1.4.7(@types/react-dom@19.3.0(@types/react@19.3.0))(@types/react@19.3.0)(react-dom@19.3.0(react@19.3.0))(react@19.3.0)
      '@radix-ui/react-slot':
        specifier: ^1.3.3
        version: 1.3.3(@types/react@19.3.0)(react@19.3.0)
      '@radix-ui/react-switch':
        specifier: ^1.3.7
        version: 1.3.7(@types/react-dom@19.3.0(@types/react@19.3.0))(@types/react@19.3.0)(react-dom@19.3.0(react@19.3.0))(react@19.3.0)
      '@radix-ui/react-tabs':
        specifier: ^1.1.21
        version: 1.1.21(@types/react-dom@19.3.0(@types/react@19.3.0))(@types/react@19.3.0)(react-dom@19.3.0(react@19.3.0))(react@19.3.0)
      '@radix-ui/react-toast':
        specifier: ^1.2.23
        version: 1.2.23(@types/react-dom@19.3.0(@types/react@19.3.0))(@types/react@19.3.0)(react-dom@19.3.0(react@19.3.0))(react@19.3.0)
      '@radix-ui/react-toggle':
        specifier: ^1.1.18
        version: 1.1.18(@types/react-dom@19.3.0(@types/react@19.3.0))(@types/react@19.3.0)(react-dom@19.3.0(react@19.3.0))(react@19.3.0)
      '@radix-ui/react-toggle-group':
        specifier: ^1.1.19
        version: 1.1.19(@types/react-dom@19.3.0(@types/react@19.3.0))(@types/react@19.3.0)(react-dom@19.3.0(react@19.3.0))(react@19.3.0)
      '@radix-ui/react-tooltip':
        specifier: ^1.2.16
        version: 1.2.16(@types/react-dom@19.3.0(@types/react@19.3.0))(@types/react@19.3.0)(react-dom@19.3.0(react@19.3.0))(react@19.3.0)
      class-variance-authority:
        specifier: ^0.7.1
        version: 0.7.1
      clsx:
        specifier: ^2.1.1
        version: 2.1.1
      cmdk:
        specifier: ^1.1.1
        version: 1.1.1(@types/react-dom@19.3.0(@types/react@19.3.0))(@types/react@19.3.0)(react-dom@19.3.0(react@19.3.0))(react@19.3.0)
      date-fns:
        specifier: ^4.4.0
        version: 4.4.0
      embla-carousel-react:
        specifier: ^8.6.0
        version: 8.6.0(react@19.3.0)
      exceljs:
        specifier: ^4.4.0
        version: 4.4.0
      jspdf:
        specifier: ^4.2.1
        version: 4.2.1
      jspdf-autotable:
        specifier: ^5.0.8
        version: 5.0.8(jspdf@4.2.1)
      lucide-react:
        specifier: ^1.52.0
        version: 1.52.0(@types/react@19.3.0)(react@19.3.0)
      next-themes:
        specifier: ^0.4.6
        version: 0.4.6(react-dom@19.3.0(react@19.3.0))(react@19.3.0)
      react:
        specifier: ^19.2.8
        version: 19.3.0
      react-day-picker:
        specifier: ^10.0.2
        version: 10.0.2(@types/react@19.3.0)(react@19.3.0)
      react-dom:
        specifier: ^19.2.8
        version: 19.3.0(react@19.3.0)
      react-hook-form:
        specifier: ^7.89.0
        version: 7.89.0(@types/react@19.3.0)(react@19.3.0)
      react-resizable-panels:
        specifier: ^4.14.2
        version: 4.14.2(react-dom@19.3.0(react@19.3.0))(react@19.3.0)
      sonner:
        specifier: ^2.0.8
        version: 2.0.8(@types/react@19.3.0)(react-dom@19.3.0(react@19.3.0))(react@19.3.0)
      tailwind-merge:
        specifier: ^3.7.0
        version: 3.7.0
      vaul:
        specifier: ^1.1.2
        version: 1.1.2(@types/react-dom@19.3.0(@types/react@19.3.0))(@types/react@19.3.0)(react-dom@19.3.0(react@19.3.0))(react@19.3.0)
      zod:
        specifier: ^4.6.5
        version: 4.6.5
    devDependencies:
      '@parcel/config-default':
        specifier: ^2.16.4
        version: 2.16.4(@parcel/core@2.16.4(@swc/helpers@0.5.23))(@swc/helpers@0.5.23)
      '@types/node':
        specifier: ^24.13.3
        version: 24.19.1
      '@types/react':
        specifier: ^19.2.18
        version: 19.3.0
      '@types/react-dom':
        specifier: ^19.2.7
        version: 19.3.0(@types/react@19.3.0)
      '@vitejs/plugin-react':
        specifier: ^6.1.1
        version: 6.1.1(vite@8.3.2(@types/node@24.19.1)(jiti@1.21.7)(yaml@2.9.1))
      autoprefixer:
        specifier: ^10.6.1
        version: 10.6.1(postcss@8.5.28)
      html-inline:
        specifier: ^1.2.0
        version: 1.2.0
      oxlint:
        specifier: ^1.81.0
        version: 1.86.0
      parcel:
        specifier: ^2.16.4
        version: 2.16.4(@swc/helpers@0.5.23)
      parcel-resolver-tspaths:
        specifier: ^0.0.9
        version: 0.0.9(parcel@2.16.4(@swc/helpers@0.5.23))
      postcss:
        specifier: ^8.5.28
        version: 8.5.28
      tailwindcss:
        specifier: 3.4.1
        version: 3.4.1
      tailwindcss-animate:
        specifier: ^1.0.7
        version: 1.0.7(tailwindcss@3.4.1)
      typescript:
        specifier: ~6.0.2
        version: 6.0.3
      vite:
        specifier: ^8.3.0
        version: 8.3.2(@types/node@24.19.1)(jiti@1.21.7)(yaml@2.9.1)
      vite-plugin-singlefile:
        specifier: ^2.3.3
        version: 2.3.3(vite@8.3.2(@types/node@24.19.1)(jiti@1.21.7)(yaml@2.9.1))

packages:

  '@alloc/quick-lru@5.3.0':
    resolution: {integrity: sha512-U4+70Pc5ZS9osnCBCE5Jha/ciHM+Yp+CNMNC/7HvYbNRk1Ldd+f7qO65W5qfhu/TCv+/ozljlXXe9Nj8419DMA==}
    engines: {node: '>=10'}

  '@babel/runtime@7.29.7':
    resolution: {integrity: sha512-Nq8OhGWiZIZGV6hLHoyAKLLcJihP/xFeBMGJoUrxTX2psI8dCifzLhZISFb+VWS3wFMRDmCGw5R+dOySCqPLhw==}
    engines: {node: '>=6.9.0'}

  '@date-fns/tz@1.5.0':
    resolution: {integrity: sha512-lwYN/vDPeNRULcepoE/LO2Pgx+7/RV+S9ARfbc9lr2DtGkOD7pAiruHvbR1RX3Qyf6ja47EWJDMsNK5vK08DJg==}

  '@fast-csv/format@4.3.5':
    resolution: {integrity: sha512-8iRn6QF3I8Ak78lNAa+Gdl5MJJBM5vRHivFtMRUWINdevNo00K7OXxS2PshawLKTejVwieIlPmK5YlLu6w4u8A==}

  '@fast-csv/parse@4.3.6':
    resolution: {integrity: sha512-uRsLYksqpbDmWaSmzvJcuApSEe38+6NQZBUsuAyMZKqHxH0g1wcJgsKUvN3WC8tewaqFjBMMGrkHmC+T7k8LvA==}

  '@floating-ui/core@1.8.0':
    resolution: {integrity: sha512-0CIZ5itps/8x7BG8dEIhs53BvCUH2PCoogtakwRTut+Arm58sJooJ0AuZhLw2HJYIR5cMLNPBSS728sPho2khQ==}

  '@floating-ui/dom@1.8.0':
    resolution: {integrity: sha512-yXSrzeHZBTZadLOlfyhCkJHNeLJnHRnRInwdZ40L7ZiaAtrBwoYlsDrX3v5zB1Utk7CLfzcOVnVVWoXEky7Ceg==}

  '@floating-ui/react-dom@2.1.9':
    resolution: {integrity: sha512-JDjEFGCpImxDCA7JJKviA0M9+RtmJdj0m/NVU5IMgBK+AmZouAQQ7/+2GLH0GXXY0YMw9oXPB8hKdbPYg5QLYg==}
    peerDependencies:
      react: '>=16.8.0'
      react-dom: '>=16.8.0'

  '@floating-ui/utils@0.2.12':
    resolution: {integrity: sha512-HpCo8tmWzLVad5s2d19EhAz5zqrrQ6s69qd6moPMQvkOuSwDT1YgRfWSVuc4ennqrgv3OHppiOGMQ7oC13yIww==}

  '@hookform/resolvers@5.9.1':
    resolution: {integrity: sha512-7b7vsbraJxKgjVSA1Nur9tLwj539WGJUBLA7QNvXnFoT2pM5Z7G+6rlukk4B2/QrTZy6huRtH6wKeESPKuIr6w==}
    peerDependencies:
      '@sinclair/typebox': '>=0.25.24'
      '@standard-schema/spec': ^1.0.0
      '@typeschema/main': '>=0.13.7'
      '@vinejs/vine': ^2.0.0 || ^3.0.0 || ^4.0.0
      ajv: ^8.12.0
      ajv-errors: ^3.0.0
      ajv-formats: ^2.1.1
      arktype: ^2.0.0
      ata-validator: ^1.2.0
      class-transformer: '>=0.4.0'
      class-validator: '>=0.12.0'
      computed-types: ^1.0.0
      effect: ^3.10.3
      fluentvalidation-ts: ^3.0.0
      fp-ts: ^2.7.0
      io-ts: ^2.0.0
      joi: ^17.0.0 || ^18.0.0
      nope-validator: '>=0.12.0'
      react-hook-form: ^7.55.0
      superstruct: '>=0.12.0'
      typanion: ^3.3.2
      valibot: '>=0.31.0 || ^1.0.0-beta.4 || ^1.0.0-rc'
      vest: '>=6.0.0'
      yup: ^1.0.0
      zod: ^3.25.0 || ^4.0.0
    peerDependenciesMeta:
      '@sinclair/typebox':
        optional: true
      '@standard-schema/spec':
        optional: true
      '@typeschema/main':
        optional: true
      '@vinejs/vine':
        optional: true
      ajv:
        optional: true
      ajv-errors:
        optional: true
      ajv-formats:
        optional: true
      arktype:
        optional: true
      ata-validator:
        optional: true
      class-transformer:
        optional: true
      class-validator:
        optional: true
      computed-types:
        optional: true
      effect:
        optional: true
      fluentvalidation-ts:
        optional: true
      fp-ts:
        optional: true
      io-ts:
        optional: true
      joi:
        optional: true
      nope-validator:
        optional: true
      superstruct:
        optional: true
      typanion:
        optional: true
      valibot:
        optional: true
      vest:
        optional: true
      yup:
        optional: true
      zod:
        optional: true

  '@jridgewell/gen-mapping@0.3.13':
    resolution: {integrity: sha512-2kkt/7niJ6MgEPxF0bYdQ6etZaA+fQvDcLKckhy1yIQOzaoKjBBjSj63/aLVjYE3qhRt5dvM+uUyfCg6UKCBbA==}

  '@jridgewell/resolve-uri@3.1.2':
    resolution: {integrity: sha512-bRISgCIjP20/tbWSPWMEi54QVPRZExkuD9lJL+UIxUKtwVJA8wW1Trb1jMs1RFXo1CBTNZ/5hpC9QvmKWdopKw==}
    engines: {node: '>=6.0.0'}

  '@jridgewell/sourcemap-codec@1.6.0':
    resolution: {integrity: sha512-T7jf+5zgsZHwNJ4lvQ7/aezbyk0nNX+zJVWpmHA7VYsEx7a7qr5Rg5IbtJFqkgze5Y2sruq1RUY8Q837Od7iFw==}

  '@jridgewell/trace-mapping@0.3.31':
    resolution: {integrity: sha512-zzNR+SdQSDJzc8joaeP8QQoCQr8NuYx2dIIytl1QeBEZHJ9uW6hebsrYgbz8hJwUQao3TWCMtmfV8Nu1twOLAw==}

  '@lezer/common@1.5.3':
    resolution: {integrity: sha512-H0iErY4e43LpXbYDyBci5W4v/RwTgGV3YzYOlJPiGZ8RY8w51kVE+xLn1tg3Z6UmSfyETvtsUK3r7YsgDQEI7Q==}

  '@lezer/lr@1.4.10':
    resolution: {integrity: sha512-rnCpTIBafOx4mRp43xOxDJbFipJm/c0cia/V5TiGlhmMa+wsSdoGmUN3w5Bqrks/09Q/D4tNAmWaT8p6NRi77A==}

  '@lmdb/lmdb-darwin-arm64@2.8.5':
    resolution: {integrity: sha512-KPDeVScZgA1oq0CiPBcOa3kHIqU+pTOwRFDIhxvmf8CTNvqdZQYp5cCKW0bUk69VygB2PuTiINFWbY78aR2pQw==}
    cpu: [arm64]
    os: [darwin]

  '@lmdb/lmdb-darwin-x64@2.8.5':
    resolution: {integrity: sha512-w/sLhN4T7MW1nB3R/U8WK5BgQLz904wh+/SmA2jD8NnF7BLLoUgflCNxOeSPOWp8geP6nP/+VjWzZVip7rZ1ug==}
    cpu: [x64]
    os: [darwin]

  '@lmdb/lmdb-linux-arm64@2.8.5':
    resolution: {integrity: sha512-vtbZRHH5UDlL01TT5jB576Zox3+hdyogvpcbvVJlmU5PdL3c5V7cj1EODdh1CHPksRl+cws/58ugEHi8bcj4Ww==}
    cpu: [arm64]
    os: [linux]

  '@lmdb/lmdb-linux-arm@2.8.5':
    resolution: {integrity: sha512-c0TGMbm2M55pwTDIfkDLB6BpIsgxV4PjYck2HiOX+cy/JWiBXz32lYbarPqejKs9Flm7YVAKSILUducU9g2RVg==}
    cpu: [arm]
    os: [linux]

  '@lmdb/lmdb-linux-x64@2.8.5':
    resolution: {integrity: sha512-Xkc8IUx9aEhP0zvgeKy7IQ3ReX2N8N1L0WPcQwnZweWmOuKfwpS3GRIYqLtK5za/w3E60zhFfNdS+3pBZPytqQ==}
    cpu: [x64]
    os: [linux]

  '@lmdb/lmdb-win32-x64@2.8.5':
    resolution: {integrity: sha512-4wvrf5BgnR8RpogHhtpCPJMKBmvyZPhhUtEwMJbXh0ni2BucpfF07jlmyM11zRqQ2XIq6PbC2j7W7UCCcm1rRQ==}
    cpu: [x64]
    os: [win32]

  '@mischnic/json-sourcemap@0.1.1':
    resolution: {integrity: sha512-iA7+tyVqfrATAIsIRWQG+a7ZLLD0VaOCKV2Wd/v4mqIU3J9c4jx9p7S0nw1XH3gJCKNBOOwACOPYYSUu9pgT+w==}
    engines: {node: '>=12.0.0'}

  '@msgpackr-extract/msgpackr-extract-darwin-arm64@3.0.4':
    resolution: {integrity: sha512-LCkGo6JDfaBhgST7UpPWgNgLINpcpabaHfyz5OBx75nUYxBsaEPxjnyNjWpeb/xBup/682QnBfRBy2/LvPutZQ==}
    cpu: [arm64]
    os: [darwin]

  '@msgpackr-extract/msgpackr-extract-darwin-x64@3.0.4':
    resolution: {integrity: sha512-zExlW9zUJKZH/tOtVMttwjKa4Xm/3KcNjnE3dPN92uCktwavMxpgCA3MoJK/DOnTWsQgo224OaST27/mPNAf+w==}
    cpu: [x64]
    os: [darwin]

  '@msgpackr-extract/msgpackr-extract-linux-arm64@3.0.4':
    resolution: {integrity: sha512-dgX0P/9wGPJeHFBG+ZmhgE6bmtMt7NP5CRBGyyktpopdk/mW4POnrpQsSLtKI1dwpc+pPLuXHDh6vvskyQE/sw==}
    cpu: [arm64]
    os: [linux]

  '@msgpackr-extract/msgpackr-extract-linux-arm@3.0.4':
    resolution: {integrity: sha512-Tg3yX65f5GbtXLkrYEHE5oibZG9epyYWas7FogTTEJeDEF9JlXJzKgXaNhT3UXlTOeA+AfZpYZYZ0uPj7Cfquw==}
    cpu: [arm]
    os: [linux]

  '@msgpackr-extract/msgpackr-extract-linux-x64@3.0.4':
    resolution: {integrity: sha512-8TNXMEjJc3QEy7R/x1INhgiU+XakDAFUzBhaz7+Rbrs8NH5UQeHQxxmzsSBJGyV6I1jW79undiQm8tOI+D+8FQ==}
    cpu: [x64]
    os: [linux]

  '@msgpackr-extract/msgpackr-extract-win32-x64@3.0.4':
    resolution: {integrity: sha512-CmCXPQrkbwExx3j946/PtHWHbYJiCRBRDl4BlkRQcJB/YOwQxJRTpoo7aTsortjgoJ1x7opzTSxn7C+ASSLVjQ==}
    cpu: [x64]
    os: [win32]

  '@nodelib/fs.scandir@2.1.5':
    resolution: {integrity: sha512-vq24Bq3ym5HEQm2NKCr3yXDwjc7vTsEThRDnkp2DK9p1uqLR+DHurm/NOTo0KG7HYHU7eppKZj3MyqYuMBf62g==}
    engines: {node: '>= 8'}

  '@nodelib/fs.stat@2.0.5':
    resolution: {integrity: sha512-RkhPPp2zrqDAQA/2jNhnztcPAlv64XdhIp7a7454A5ovI7Bukxgt7MX7udwAu3zg1DcpPU0rz3VV1SeaqvY4+A==}
    engines: {node: '>= 8'}

  '@nodelib/fs.walk@1.2.8':
    resolution: {integrity: sha512-oGB+UxlgWcgQkgwo8GcEGwemoTFt3FIO9ababBmaGwXIoBKZ+GTy0pP185beGg7Llih/NSHSV2XAs1lnznocSg==}
    engines: {node: '>= 8'}

  '@oxc-project/types@0.152.0':
    resolution: {integrity: sha512-oM/5rLBm2tPkg0iBgkH/FOeR3PCDpY19GTgAZjMFM8h9WI9VW7cLgzp6nwtarYKmovavIQZ+Fe/RKX/8C8O/Rw==}

  '@oxlint/binding-android-arm-eabi@1.86.0':
    resolution: {integrity: sha512-63Ozq6yQn79B2UxjSZ9huJmI+3/ZPI7hxAe6TyFh9oQL447KnIMoffOdtog+h4KILbQr61ZRvFPW5gYbAUgpgQ==}
    engines: {node: ^20.19.0 || >=22.12.0}
    cpu: [arm]
    os: [android]

  '@oxlint/binding-android-arm64@1.86.0':
    resolution: {integrity: sha512-JdLGp44phbf/0Du236Dt06yfK6Qw8xhTFeDvHJdjk167r59OfP5+BL31mgMYVnswS8e+j6tFuccSY0QDC/lgCw==}
    engines: {node: ^20.19.0 || >=22.12.0}
    cpu: [arm64]
    os: [android]

  '@oxlint/binding-darwin-arm64@1.86.0':
    resolution: {integrity: sha512-h+vkOr4ik6KLFCXdtNVEj9xfnXfNUpPoF95QjORdhiSpLqQePzcN81kGHjAgsw1/G7WBWK5KsFKbI2UK8EyzMA==}
    engines: {node: ^20.19.0 || >=22.12.0}
    cpu: [arm64]
    os: [darwin]

  '@oxlint/binding-darwin-x64@1.86.0':
    resolution: {integrity: sha512-wbglRuH5eKsp68keTOOeKDHU1astWSRYFsh2bwKQTAPb44rD6kVgzYI1ZrAJRTc6/7PH55ZXFCQx0rQXrj0UdA==}
    engines: {node: ^20.19.0 || >=22.12.0}
    cpu: [x64]
    os: [darwin]

  '@oxlint/binding-freebsd-x64@1.86.0':
    resolution: {integrity: sha512-yTQ7QSOlNfQsrfbeVweTiegQJLKPjUKgXp/JpGiFzza6Hp29S9LAoH77TM3L0RjK39iQRZB5lk5iq2t241Mfag==}
    engines: {node: ^20.19.0 || >=22.12.0}
    cpu: [x64]
    os: [freebsd]

  '@oxlint/binding-linux-arm-gnueabihf@1.86.0':
    resolution: {integrity: sha512-QYJGy0E2Tv8GAayyBIeHFTwQb8u+zrvrOYrifuDGZDr9ad5XsDhiMScpZymhS9fwWjqrgG2ZUwT4vpY0ISqp4Q==}
    engines: {node: ^20.19.0 || >=22.12.0}
    cpu: [arm]
    os: [linux]

  '@oxlint/binding-linux-arm-musleabihf@1.86.0':
    resolution: {integrity: sha512-oQo83CafLT8p3qh0AGkN0tSUIh5Hm63mfDsoqUmBQUBnSZLNBAbyRaAftfGY5a0cKZ34dG6jAtMYgcY5kZqt5g==}
    engines: {node: ^20.19.0 || >=22.12.0}
    cpu: [arm]
    os: [linux]

  '@oxlint/binding-linux-arm64-gnu@1.86.0':
    resolution: {integrity: sha512-EM6wy5c2UM12qPb7iDJDBAZvHyfEJGH6iosFgaFiaRZpirz99//EHcUyD2KAskz07x1TULuiAtsojf4nvWWksw==}
    engines: {node: ^20.19.0 || >=22.12.0}
    cpu: [arm64]
    os: [linux]

  '@oxlint/binding-linux-arm64-musl@1.86.0':
    resolution: {integrity: sha512-vCiUQb9ZNzZalxYRU4mlZwUqT5f+c7Sk9DwUOplWHtik3Dl4r3DVnUB5tBeRuTAUe6MUVCTylNW7TkkN8J1oTw==}
    engines: {node: ^20.19.0 || >=22.12.0}
    cpu: [arm64]
    os: [linux]

  '@oxlint/binding-linux-ppc64-gnu@1.86.0':
    resolution: {integrity: sha512-T0AzE89yjTYmOhB/hb6i+rWTpe2mYt+xiguBhs9DEPIJTZ1H8OYqsE4VxJHHw2Wlq8Mztwvp2P8NV87ZOuhPRw==}
    engines: {node: ^20.19.0 || >=22.12.0}
    cpu: [ppc64]
    os: [linux]

  '@oxlint/binding-linux-riscv64-gnu@1.86.0':
    resolution: {integrity: sha512-s49r0K2f5Oc7fJoMUO1WkdhYK5Ob79uYRwWQ/XNoGysaOq3RUGmGUbHSuXiyydTTA+P9xEdDEnnlZVXiaSJhlw==}
    engines: {node: ^20.19.0 || >=22.12.0}
    cpu: [riscv64]
    os: [linux]

  '@oxlint/binding-linux-riscv64-musl@1.86.0':
    resolution: {integrity: sha512-JIa2tYR8ayb3nvcMSZzn4O/xTy13S7MHllu7cBD+B5qDQXXSRy/Vwk1aNpiTjZmBJGwKCHOy/NvnY5Xcwg27uQ==}
    engines: {node: ^20.19.0 || >=22.12.0}
    cpu: [riscv64]
    os: [linux]

  '@oxlint/binding-linux-s390x-gnu@1.86.0':
    resolution: {integrity: sha512-XwXMyBsAuWZkhZU74UNcfQKr1CJJAKnS80dZzOnjl6A4fKcf91IjFgidegQugMHA5SN8ulwDXEDV1yPntjXgQQ==}
    engines: {node: ^20.19.0 || >=22.12.0}
    cpu: [s390x]
    os: [linux]

  '@oxlint/binding-linux-x64-gnu@1.86.0':
    resolution: {integrity: sha512-C1WjukSyMnr66b+w1/tV8RFVv6d9v0MzDf4p9IxVXknqgmTHBgZh1pccN1eHzFr0b9Tbb3OXoPsAAdAuHAQfeA==}
    engines: {node: ^20.19.0 || >=22.12.0}
    cpu: [x64]
    os: [linux]

  '@oxlint/binding-linux-x64-musl@1.86.0':
    resolution: {integrity: sha512-ap6KLmvC38c6MdYzsIh25cXQupqYvjd37tMNftzrX1DCtkX1Gcf2B+S2B17dD4lKa5c5gJog7DQJyDo82PBKyw==}
    engines: {node: ^20.19.0 || >=22.12.0}
    cpu: [x64]
    os: [linux]

  '@oxlint/binding-openharmony-arm64@1.86.0':
    resolution: {integrity: sha512-996Q9w/2GLwNyy5Djs39Jt09aFlr4b7TPhoj7dvo5FHmcyiF68nPz73HNc5UAYKIYeK+M9JzPQ4Wg1r1dXvP6A==}
    engines: {node: ^20.19.0 || >=22.12.0}
    cpu: [arm64]
    os: [openharmony]

  '@oxlint/binding-win32-arm64-msvc@1.86.0':
    resolution: {integrity: sha512-9uTCHYTknNkug5+46ViSoUMuOuGWK61D87QnblU6CXaWKJC630Z7dbls61vdHxya/cR2ycQZ6Mm6ckgF6Cag5g==}
    engines: {node: ^20.19.0 || >=22.12.0}
    cpu: [arm64]
    os: [win32]

  '@oxlint/binding-win32-ia32-msvc@1.86.0':
    resolution: {integrity: sha512-a47ga7EKVfMU8rO0i1m3mGwfNRj3FhQyt1d/ukO/E9u1HHF3KpR3tyb3VhuJBGEVPF8uR4exSyHUyx7xbE+uxw==}
    engines: {node: ^20.19.0 || >=22.12.0}
    cpu: [ia32]
    os: [win32]

  '@oxlint/binding-win32-x64-msvc@1.86.0':
    resolution: {integrity: sha512-az4dzifCRzES1crwu6pDFXzJTIanrdxXFL9TbiJWrx9LKcuacbR83aPvxDA1LKLNswi/RoqitC7Afcflhu3zBQ==}
    engines: {node: ^20.19.0 || >=22.12.0}
    cpu: [x64]
    os: [win32]

  '@parcel/bundler-default@2.16.4':
    resolution: {integrity: sha512-Nb8peNvhfm1+660CLwssWh4weY+Mv6vEGS6GPKqzJmTMw50udi0eS1YuWFzvmhSiu1KsYcUD37mqQ1LuIDtWoA==}
    engines: {node: '>= 16.0.0', parcel: ^2.16.4}

  '@parcel/cache@2.16.4':
    resolution: {integrity: sha512-+uCyeElSga2MBbmbXpIj/WVKH7TByCrKaxtHbelfKKIJpYMgEHVjO4cuc7GUfTrUAmRUS8ZGvnX7Etgq6/jQhw==}
    engines: {node: '>= 16.0.0'}
    peerDependencies:
      '@parcel/core': ^2.16.4

  '@parcel/codeframe@2.16.4':
    resolution: {integrity: sha512-s64aMfOJoPrXhKH+Y98ahX0O8aXWvTR+uNlOaX4yFkpr4FFDnviLcGngDe/Yo4Qq2FJZ0P6dNswbJTUH9EGxkQ==}
    engines: {node: '>= 16.0.0'}

  '@parcel/compressor-raw@2.16.4':
    resolution: {integrity: sha512-IK8IpNhw61B2HKgA1JhGhO9y+ZJFRZNTEmvhN1NdLdPqvgEXm2EunT+m6D9z7xeoeT6XnUKqM0eRckEdD0OXbA==}
    engines: {node: '>= 16.0.0', parcel: ^2.16.4}

  '@parcel/config-default@2.16.4':
    resolution: {integrity: sha512-kBxuTY/5trEVnvXk92l7LVkYjNuz3SaqWymFhPjEnc8GY4ZVdcWrWdXWTB9hUhpmRYJctFCyGvM0nN05JTiM2g==}
    peerDependencies:
      '@parcel/core': ^2.16.4

  '@parcel/core@2.16.4':
    resolution: {integrity: sha512-a0CgrW5A5kwuSu5J1RFRoMQaMs9yagvfH2jJMYVw56+/7NRI4KOtu612SG9Y1ERWfY55ZwzyFxtLWvD6LO+Anw==}
    engines: {node: '>= 16.0.0'}

  '@parcel/diagnostic@2.16.4':
    resolution: {integrity: sha512-YN5CfX7lFd6yRLxyZT4Sj3sR6t7nnve4TdXSIqapXzQwL7Bw+sj79D95wTq2rCm3mzk5SofGxFAXul2/nG6gcQ==}
    engines: {node: '>= 16.0.0'}

  '@parcel/error-overlay@2.16.4':
    resolution: {integrity: sha512-e8KYKnMsfmQnqIhsUWBUZAXlDK30wkxsAGle1tZ0gOdoplaIdVq/WjGPatHLf6igLM76c3tRn2vw8jZFput0jw==}
    engines: {node: '>= 16.0.0'}

  '@parcel/events@2.16.4':
    resolution: {integrity: sha512-slWQkBRAA7o0cN0BLEd+yCckPmlVRVhBZn5Pn6ktm4EzEtrqoMzMeJOxxH8TXaRzrQDYnTcnYIHFgXWd4kkUfg==}
    engines: {node: '>= 16.0.0'}

  '@parcel/feature-flags@2.16.4':
    resolution: {integrity: sha512-nYdx53siKPLYikHHxfzgjzzgxdrjquK6DMnuSgOTyIdRG4VHdEN0+NqKijRLuVgiUFo/dtxc2h+amwqFENMw8w==}
    engines: {node: '>= 16.0.0'}

  '@parcel/fs@2.16.4':
    resolution: {integrity: sha512-maCMOiVn7oJYZlqlfxgLne8n6tSktIT1k0AeyBp4UGWCXyeJUJ+nL7QYShFpKNLtMLeF0cEtgwRAknWzbcDS1g==}
    engines: {node: '>= 16.0.0'}
    peerDependencies:
      '@parcel/core': ^2.16.4

  '@parcel/graph@3.6.4':
    resolution: {integrity: sha512-Cj9yV+/k88kFhE+D+gz0YuNRpvNOCVDskO9pFqkcQhGbsGq6kg2XpZ9V7HlYraih31xf8Vb589bZOwjKIiHixQ==}
    engines: {node: '>= 16.0.0'}

  '@parcel/logger@2.16.4':
    resolution: {integrity: sha512-QR8QLlKo7xAy9JBpPDAh0RvluaixqPCeyY7Fvo2K7hrU3r85vBNNi06pHiPbWoDmB4x1+QoFwMaGnJOHR+/fMA==}
    engines: {node: '>= 16.0.0'}

  '@parcel/markdown-ansi@2.16.4':
    resolution: {integrity: sha512-0+oQApAVF3wMcQ6d1ZfZ0JsRzaMUYj9e4U+naj6YEsFsFGOPp+pQYKXBf1bobQeeB7cPKPT3SUHxFqced722Hw==}
    engines: {node: '>= 16.0.0'}

  '@parcel/namer-default@2.16.4':
    resolution: {integrity: sha512-CE+0lFg881sJq575EXxj2lKUn81tsS5itpNUUErHxit195m3PExyAhoXM6ed/SXxwi+uv+T5FS/jjDLBNuUFDA==}
    engines: {node: '>= 16.0.0', parcel: ^2.16.4}

  '@parcel/node-resolver-core@3.7.4':
    resolution: {integrity: sha512-b3VDG+um6IWW5CTod6M9hQsTX5mdIelKmam7mzxzgqg4j5hnycgTWqPMc9UxhYoUY/Q/PHfWepccNcKtvP5JiA==}
    engines: {node: '>= 16.0.0'}

  '@parcel/optimizer-css@2.16.4':
    resolution: {integrity: sha512-aqdXCtmvpcXYgJFGk2DtXF34wuM2TD1fZorKMrJdKB9sSkWVRs1tq6RAXQrbi0ZPDH9wfE/9An3YdkTex7RHuQ==}
    engines: {node: '>= 16.0.0', parcel: ^2.16.4}

  '@parcel/optimizer-html@2.16.4':
    resolution: {integrity: sha512-vg/R2uuSni+NYYUUV8m+5bz8p5zBv8wc/nNleoBnGuCDwn7uaUwTZ8Gt9CjZO8jjG0xCLILoc/TW+e2FF3pfgQ==}
    engines: {node: '>= 16.0.0', parcel: ^2.16.4}

  '@parcel/optimizer-image@2.16.4':
    resolution: {integrity: sha512-2RV54WnvMYr18lxSx7Zlx/DXpJwMzOiPxDnoFyvaUoYutvgHO6chtcgFgh1Bvw/PoI95vYzlTkZ8QfUOk5A0JA==}
    engines: {node: '>= 16.0.0', parcel: ^2.16.4}
    peerDependencies:
      '@parcel/core': ^2.16.4

  '@parcel/optimizer-svg@2.16.4':
    resolution: {integrity: sha512-22+BqIffCrVErg8y2XwhasbTaFNn75OKXZ3KTDBIfOSAZKLUKs1iHfDXETzTRN7cVcS+Q36/6EHd7N/RA8i1fg==}
    engines: {node: '>= 16.0.0', parcel: ^2.16.4}

  '@parcel/optimizer-swc@2.16.4':
    resolution: {integrity: sha512-+URqwnB6u1gqaLbG1O1DDApH+UVj4WCbK9No1fdxLBxQ9a84jyli25o1kK1hYB9Nb/JMyYNnEBfvYUW6RphOxw==}
    engines: {node: '>= 16.0.0', parcel: ^2.16.4}

  '@parcel/package-manager@2.16.4':
    resolution: {integrity: sha512-obWv9gZgdnkT3Kd+fBkKjhdNEY7zfOP5gVaox5i4nQstVCaVnDlMv5FwLEXwehL+WbwEcGyEGGxOHHkAFKk7Cg==}
    engines: {node: '>= 16.0.0'}
    peerDependencies:
      '@parcel/core': ^2.16.4

  '@parcel/packager-css@2.16.4':
    resolution: {integrity: sha512-rWRtfiX+VVIOZvq64jpeNUKkvWAbnokfHQsk/js1s5jD4ViNQgPcNLiRaiIANjymqL6+dQqWvGUSW2a5FAZYfg==}
    engines: {node: '>= 16.0.0', parcel: ^2.16.4}

  '@parcel/packager-html@2.16.4':
    resolution: {integrity: sha512-AWo5f6SSqBsg2uWOsX0gPX8hCx2iE6GYLg2Z4/cDy2mPlwDICN8/bxItEztSZFmObi+ti26eetBKRDxAUivyIQ==}
    engines: {node: '>= 16.0.0', parcel: ^2.16.4}

  '@parcel/packager-js@2.16.4':
    resolution: {integrity: sha512-L2o39f/fhta+hxto7w8OTUKdstY+te5BmHZREckbQm0KTBg93BG7jB0bfoxLSZF0d8uuAYIVXjzeHNqha+du1g==}
    engines: {node: '>= 16.0.0', parcel: ^2.16.4}

  '@parcel/packager-raw@2.16.4':
    resolution: {integrity: sha512-A9j60G9OmbTkEeE4WRMXCiErEprHLs9NkUlC4HXCxmSrPMOVaMaMva2LdejE3A9kujZqYtYfuc8+a+jN+Nro4w==}
    engines: {node: '>= 16.0.0', parcel: ^2.16.4}

  '@parcel/packager-svg@2.16.4':
    resolution: {integrity: sha512-LT9l7eInFrAZJ6w3mYzAUgDq3SIzYbbQyW46Dz26M9lJQbf6uCaATUTac3BEHegW0ikDuw4OOGHK41BVqeeusg==}
    engines: {node: '>= 16.0.0', parcel: ^2.16.4}

  '@parcel/packager-wasm@2.16.4':
    resolution: {integrity: sha512-AY96Aqu/RpmaSZK2RGkIrZWjAperDw8DAlxLAiaP1D/RPVnikZtl5BmcUt/Wz3PrzG7/q9ZVqqKkWsLmhkjXZQ==}
    engines: {node: '>=16.0.0', parcel: ^2.16.4}

  '@parcel/plugin@2.16.4':
    resolution: {integrity: sha512-aN2VQoRGC1eB41ZCDbPR/Sp0yKOxe31oemzPx1nJzOuebK2Q6FxSrJ9Bjj9j/YCaLzDtPwelsuLOazzVpXJ6qg==}
    engines: {node: '>= 16.0.0'}

  '@parcel/profiler@2.16.4':
    resolution: {integrity: sha512-R3JhfcnoReTv2sVFHPR2xKZvs3d3IRrBl9sWmAftbIJFwT4rU70/W7IdwfaJVkD/6PzHq9mcgOh1WKL4KAxPdA==}
    engines: {node: '>= 16.0.0'}

  '@parcel/reporter-cli@2.16.4':
    resolution: {integrity: sha512-DQx9TwcTZrDv828+tcwEi//xyW7OHTGzGX1+UEVxPp0mSzuOmDn0zfER8qNIqGr1i4D/FXhb5UJQDhGHV8mOpQ==}
    engines: {node: '>= 16.0.0', parcel: ^2.16.4}

  '@parcel/reporter-dev-server@2.16.4':
    resolution: {integrity: sha512-YWvay25htQDifpDRJ0+yFh6xUxKnbfeJxYkPYyuXdxpEUhq4T0UWW0PbPCN/wFX7StgeUTXq5Poeo/+eys9m3w==}
    engines: {node: '>= 16.0.0', parcel: ^2.16.4}

  '@parcel/reporter-tracer@2.16.4':
    resolution: {integrity: sha512-JKnlXpPepak0/ZybmZn9JtyjJiDBWYrt7ZUlXQhQb0xzNcd/k+RqfwVkTKIwyFHsWtym0cwibkvsi2bWFzS7tw==}
    engines: {node: '>= 16.0.0', parcel: ^2.16.4}

  '@parcel/resolver-default@2.16.4':
    resolution: {integrity: sha512-wJe9XQS0hn/t32pntQpJbls3ZL8mGVVhK9L7s7BTmZT9ufnvP2nif1psJz/nbgnP9LF6mLSk43OdMJKpoStsjQ==}
    engines: {node: '>= 16.0.0', parcel: ^2.16.4}

  '@parcel/runtime-browser-hmr@2.16.4':
    resolution: {integrity: sha512-asx7p3NjUSfibI3bC7+8+jUIGHWVk2Zuq9SjJGCGDt+auT9A4uSGljnsk1BWWPqqZ0WILubq4czSAqm0+wt4cw==}
    engines: {node: '>= 16.0.0', parcel: ^2.16.4}

  '@parcel/runtime-js@2.16.4':
    resolution: {integrity: sha512-gUKmsjg+PULQBu2QbX0QKll9tXSqHPO8NrfxHwWb2lz5xDKDos1oV0I7BoMWbHhUHkoToXZrm654oGViujtVUA==}
    engines: {node: '>= 16.0.0', parcel: ^2.16.4}

  '@parcel/runtime-rsc@2.16.4':
    resolution: {integrity: sha512-CHkotYE/cNiUjJmrc5FD9YhlFp1UF5wMNNJmoWaL40eBzsqcaV0sSn5V3bNapwewn3wrMYgdPgvOTHfaZaG73A==}
    engines: {node: '>= 12.0.0', parcel: ^2.16.4}

  '@parcel/runtime-service-worker@2.16.4':
    resolution: {integrity: sha512-FT0Q58bf5Re+dq5cL2XHbxqHHFZco6qtRijeVpT3TSPMRPlniMArypSytTeZzVNL7h/hxjWsNu7fRuC0yLB5hA==}
    engines: {node: '>= 16.0.0', parcel: ^2.16.4}

  '@parcel/rust-darwin-arm64@2.16.4':
    resolution: {integrity: sha512-P3Se36H9EO1fOlwXqQNQ+RsVKTGn5ztRSUGbLcT8ba6oOMmU1w7J4R810GgsCbwCuF10TJNUMkuD3Q2Sz15Q3Q==}
    engines: {node: '>= 10'}
    cpu: [arm64]
    os: [darwin]

  '@parcel/rust-darwin-x64@2.16.4':
    resolution: {integrity: sha512-8aNKNyPIx3EthYpmVJevIdHmFsOApXAEYGi3HU69jTxLgSIfyEHDdGE9lEsMvhSrd/SSo4/euAtiV+pqK04wnA==}
    engines: {node: '>= 10'}
    cpu: [x64]
    os: [darwin]

  '@parcel/rust-linux-arm-gnueabihf@2.16.4':
    resolution: {integrity: sha512-QrvqiSHaWRLc0JBHgUHVvDthfWSkA6AFN+ikV1UGENv4j2r/QgvuwJiG0VHrsL6pH5dRqj0vvngHzEgguke9DA==}
    engines: {node: '>= 10'}
    cpu: [arm]
    os: [linux]

  '@parcel/rust-linux-arm64-gnu@2.16.4':
    resolution: {integrity: sha512-f3gBWQHLHRUajNZi3SMmDQiEx54RoRbXtZYQNuBQy7+NolfFcgb1ik3QhkT7xovuTF/LBmaqP3UFy0PxvR/iwQ==}
    engines: {node: '>= 10'}
    cpu: [arm64]
    os: [linux]

  '@parcel/rust-linux-arm64-musl@2.16.4':
    resolution: {integrity: sha512-cwml18RNKsBwHyZnrZg4jpecXkWjaY/mCArocWUxkFXjjB97L56QWQM9W86f2/Y3HcFcnIGJwx1SDDKJrV6OIA==}
    engines: {node: '>= 10'}
    cpu: [arm64]
    os: [linux]

  '@parcel/rust-linux-x64-gnu@2.16.4':
    resolution: {integrity: sha512-0xIjQaN8hiG0F9R8coPYidHslDIrbfOS/qFy5GJNbGA3S49h61wZRBMQqa7JFW4+2T8R0J9j0SKHhLXpbLXrIg==}
    engines: {node: '>= 10'}
    cpu: [x64]
    os: [linux]

  '@parcel/rust-linux-x64-musl@2.16.4':
    resolution: {integrity: sha512-fYn21GIecHK9RoZPKwT9NOwxwl3Gy3RYPR6zvsUi0+hpFo19Ph9EzFXN3lT8Pi5KiwQMCU4rsLb5HoWOBM1FeA==}
    engines: {node: '>= 10'}
    cpu: [x64]
    os: [linux]

  '@parcel/rust-win32-x64-msvc@2.16.4':
    resolution: {integrity: sha512-TcpWC3I1mJpfP2++018lgvM7UX0P8IrzNxceBTHUKEIDMwmAYrUKAQFiaU0j1Ldqk6yP8SPZD3cvphumsYpJOQ==}
    engines: {node: '>= 10'}
    cpu: [x64]
    os: [win32]

  '@parcel/rust@2.16.4':
    resolution: {integrity: sha512-RBMKt9rCdv6jr4vXG6LmHtxzO5TuhQvXo1kSoSIF7fURRZ81D1jzBtLxwLmfxCPsofJNqWwdhy5vIvisX+TLlQ==}
    engines: {node: '>= 16.0.0'}
    peerDependencies:
      napi-wasm: ^1.1.2
    peerDependenciesMeta:
      napi-wasm:
        optional: true

  '@parcel/source-map@2.1.1':
    resolution: {integrity: sha512-Ejx1P/mj+kMjQb8/y5XxDUn4reGdr+WyKYloBljpppUy8gs42T+BNoEOuRYqDVdgPc6NxduzIDoJS9pOFfV5Ew==}
    engines: {node: ^12.18.3 || >=14}

  '@parcel/transformer-babel@2.16.4':
    resolution: {integrity: sha512-CMDUOQYX7+cmeyHxHSFnoPcwvXNL7rRFE+Q06uVFzsYYiVhbwGF/1J5Bx4cW3Froumqla4YTytTsEteJEybkdA==}
    engines: {node: '>= 16.0.0', parcel: ^2.16.4}

  '@parcel/transformer-css@2.16.4':
    resolution: {integrity: sha512-VG/+DbDci2HKe20GFRDs65ZQf5GUFfnmZAa1BhVl/MO+ijT3XC3eoVUy5cExRkq4VLcPY4ytL0g/1T2D6x7lBQ==}
    engines: {node: '>= 16.0.0', parcel: ^2.16.4}

  '@parcel/transformer-html@2.16.4':
    resolution: {integrity: sha512-w6JErYTeNS+KAzUAER18NHFIFFvxiLGd4Fht1UYcb/FDjJdLAMB/FljyEs0Rto/WAhZ2D0MuSL25HQh837R62g==}
    engines: {node: '>= 16.0.0', parcel: ^2.16.4}

  '@parcel/transformer-image@2.16.4':
    resolution: {integrity: sha512-ZzIn3KvvRqMfcect4Dy+57C9XoQXZhpVJKBdQWMp9wM1qJEgsVgGDcaSBYCs/UYSKMRMP6Wm20pKCt408RkQzg==}
    engines: {node: '>= 16.0.0', parcel: ^2.16.4}
    peerDependencies:
      '@parcel/core': ^2.16.4

  '@parcel/transformer-js@2.16.4':
    resolution: {integrity: sha512-FD2fdO6URwAGBPidb3x1dDgLBt972mko0LelcSU05aC/pcKaV9mbCtINbPul1MlStzkxDelhuImcCYIyerheVQ==}
    engines: {node: '>= 16.0.0', parcel: ^2.16.4}
    peerDependencies:
      '@parcel/core': ^2.16.4

  '@parcel/transformer-json@2.16.4':
    resolution: {integrity: sha512-pB3ZNqgokdkBCJ+4G0BrPYcIkyM9K1HVk0GvjzcLEFDKsoAp8BGEM68FzagFM/nVq9anYTshIaoh349GK0M/bg==}
    engines: {node: '>= 16.0.0', parcel: ^2.16.4}

  '@parcel/transformer-node@2.16.4':
    resolution: {integrity: sha512-7t43CPGfMJk1LqFokwxHSsRi+kKC2QvDXaMtqiMShmk50LCwn81WgzuFvNhMwf6lSiBihWupGwF3Fqksg+aisg==}
    engines: {node: '>= 16.0.0', parcel: ^2.16.4}

  '@parcel/transformer-postcss@2.16.4':
    resolution: {integrity: sha512-jfmh9ho03H+qwz9S1b/a/oaOmgfMovtHKYDweIGMjKULKIee3AFRqo8RZIOuUMjDuqHWK8SqQmjery4syFV3Xw==}
    engines: {node: '>= 16.0.0', parcel: ^2.16.4}

  '@parcel/transformer-posthtml@2.16.4':
    resolution: {integrity: sha512-+GXsmGx1L25KQGQnwclgEuQe1t4QU+IoDkgN+Ikj+EnQCOWG4/ts2VpMBeqP5F18ZT4cCSRafj6317o/2lSGJg==}
    engines: {node: '>= 16.0.0', parcel: ^2.16.4}

  '@parcel/transformer-raw@2.16.4':
    resolution: {integrity: sha512-7WDUPq+bW11G9jKxaQIVL+NPGolV99oq/GXhpjYip0SaGaLzRCW7gEk60cftuk0O7MsDaX5jcAJm3G/AX+LJKg==}
    engines: {node: '>= 16.0.0', parcel: ^2.16.4}

  '@parcel/transformer-react-refresh-wrap@2.16.4':
    resolution: {integrity: sha512-MiLNZrsGQJTANKKa4lzZyUbGj/en0Hms474mMdQkCBFg6GmjfmXwaMMgtTfPA3ZwSp2+3LeObCyca/f9B2gBZQ==}
    engines: {node: '>= 16.0.0', parcel: ^2.16.4}

  '@parcel/transformer-svg@2.16.4':
    resolution: {integrity: sha512-0dm4cQr/WpfQP6N0xjFtwdLTxcONDfoLgTOMk4eNUWydHipSgmLtvUk/nOc/FWkwztRScfAObtZXOiPOd3Oy9A==}
    engines: {node: '>= 16.0.0', parcel: ^2.16.4}

  '@parcel/types-internal@2.16.4':
    resolution: {integrity: sha512-PE6Qmt5cjzBxX+6MPLiF7r+twoC+V9Skt3zyuBQ+H1c0i9o07Bbz2NKX10nvlPukfmW6Fu/1RvTLkzBZR1bU6A==}

  '@parcel/types@2.16.4':
    resolution: {integrity: sha512-ctx4mBskZHXeDVHg4OjMwx18jfYH9BzI/7yqbDQVGvd5lyA+/oVVzYdpele2J2i2sSaJ87cA8nb57GDQ8kHAqA==}

  '@parcel/utils@2.16.4':
    resolution: {integrity: sha512-lkmxQHcHyOWZLbV8t+h2CGZIkPiBurLm/TS5wNT7+tq0qt9KbVwL7FP2K93TbXhLMGTmpI79Bf3qKniPM167Mw==}
    engines: {node: '>= 16.0.0'}

  '@parcel/watcher-android-arm64@2.6.0':
    resolution: {integrity: sha512-trgpLSCKRC/huFjXX/Smh+0sWe4+YtKfktIToiMl59ghz7z+qkH6kMvNnUbLyRs9N11t8l4svSCs1+5B3rOAhA==}
    engines: {node: '>= 10.0.0'}
    cpu: [arm64]
    os: [android]

  '@parcel/watcher-darwin-arm64@2.6.0':
    resolution: {integrity: sha512-Y3QV0gl7Q1zbfueunkWIERICbEojQFCgpyG7YqOGNFLsckXyI1xu9mAIUpKY9QBYzBtSkN8dBPwd3yiAO9ovMw==}
    engines: {node: '>= 10.0.0'}
    cpu: [arm64]
    os: [darwin]

  '@parcel/watcher-darwin-x64@2.6.0':
    resolution: {integrity: sha512-Ohv6OpzhUfKYD7Beb8kDvG0jbIxORCYY1JRdZnaBtnjjkJxgD7ZVL0nw2sCYd0yTMKTvz3nnTnOF3cDifK+kvw==}
    engines: {node: '>= 10.0.0'}
    cpu: [x64]
    os: [darwin]

  '@parcel/watcher-freebsd-x64@2.6.0':
    resolution: {integrity: sha512-5HmXvDgs8VK+74jF9y9/2FE3/OnlcKmc56tjmSrEuZjpSZOGL+fvAu+HKJBdPs9uwoP2hE6TlSUpXZ/C5jUFmQ==}
    engines: {node: '>= 10.0.0'}
    cpu: [x64]
    os: [freebsd]

  '@parcel/watcher-linux-arm-glibc@2.6.0':
    resolution: {integrity: sha512-Ps/hui3A+vMbjdqlqAowK2ZL8+BO8dBjxeWXj6npTBs3jx4wWmbPpaLuqwrQrSqIVMCnpWo238bJ1U37GhQOYg==}
    engines: {node: '>= 10.0.0'}
    cpu: [arm]
    os: [linux]

  '@parcel/watcher-linux-arm-musl@2.6.0':
    resolution: {integrity: sha512-9c6AUHgHoG+IY88MRIHupztQiQnrbqHYQjkM2btA+Bf/wQnQMuiD0Wfk1EVv3TlNT3x41uU71rn6E4xh/+zvkw==}
    engines: {node: '>= 10.0.0'}
    cpu: [arm]
    os: [linux]

  '@parcel/watcher-linux-arm64-glibc@2.6.0':
    resolution: {integrity: sha512-yHRqS2owEXe6Hic9z6Mh1ECsCd+ODVOGvZDyciqRd21+v+o+DnXMOrw50DSpIG2sb8GPEaPPmfeCAWKPJdq46g==}
    engines: {node: '>= 10.0.0'}
    cpu: [arm64]
    os: [linux]

  '@parcel/watcher-linux-arm64-musl@2.6.0':
    resolution: {integrity: sha512-WhB2e/V7rqdHHWZusBSPuy5Ei8S6lSz6FE5TKKQz5h3a0O+C+mhY7vxU9b/stqvMb8beLnPY82ZrFTLKs+SrKA==}
    engines: {node: '>= 10.0.0'}
    cpu: [arm64]
    os: [linux]

  '@parcel/watcher-linux-x64-glibc@2.6.0':
    resolution: {integrity: sha512-ulGE6x6Oz6iAwg75T8YQSoguBWasniIbX+QWpaYPcCnDOpdWX3k+4xbEYPZVLxOuoJI+svJJPD3sEj8G7lrQ3A==}
    engines: {node: '>= 10.0.0'}
    cpu: [x64]
    os: [linux]

  '@parcel/watcher-linux-x64-musl@2.6.0':
    resolution: {integrity: sha512-tkBYKt7YQrjIJWYDnto2YgO8MRkjlMTSNoRHzsXinBqbLdeOM3L32wPZJvIZxqaLMfSlS/4sUjH/6STVP/XDLw==}
    engines: {node: '>= 10.0.0'}
    cpu: [x64]
    os: [linux]

  '@parcel/watcher-win32-arm64@2.6.0':
    resolution: {integrity: sha512-gIZAP23jaHjGWasY/TY6yL7NHFClf0Ga7FN+iINvk+KN94rhm94lYZhFsbYFNcA04/onvGD9kKmiJLJB2HbNwQ==}
    engines: {node: '>= 10.0.0'}
    cpu: [arm64]
    os: [win32]

  '@parcel/watcher-win32-x64@2.6.0':
    resolution: {integrity: sha512-cA+/pXV2YkfxlIcXOQ5fSWqAzzPyD78/x5qbK/I0vUkrlYHA8TIz+MXjAbGouguKVSI4bOmkTSJ1/poVSsgt+A==}
    engines: {node: '>= 10.0.0'}
    cpu: [x64]
    os: [win32]

  '@parcel/watcher@2.6.0':
    resolution: {integrity: sha512-7FNeNl8NCE7aINx7WXiKQrPYZWC/hvrTsmk6zmxbI7LTXE7hVek/n8AfVgpe2y82zl3w0HvCHN0bVKMBoJcC0w==}
    engines: {node: '>= 10.0.0'}

  '@parcel/workers@2.16.4':
    resolution: {integrity: sha512-dkBEWqnHXDZnRbTZouNt4uEGIslJT+V0c8OH1MPOfjISp1ucD6/u9ET8k9d/PxS9h1hL53og0SpBuuSEPLDl6A==}
    engines: {node: '>= 16.0.0'}
    peerDependencies:
      '@parcel/core': ^2.16.4

  '@radix-ui/number@1.1.3':
    resolution: {integrity: sha512-Road2bidD0uu/1BGDOWNdPI06g0lIRy6IF9GZcIrDK2KGItfor8IQwQa+yM2ERgHM1MmHxaxpTzk0/Jp42lNfA==}

  '@radix-ui/primitive@1.1.7':
    resolution: {integrity: sha512-rqWnm76nYT8HoNNqEjpgJ7Pw/DrBj5iBTrmEPo6HTX5+VJyBNOqTdv4g89G63HuR5g0AaENoAcH7Is5fF2kZ8Q==}

  '@radix-ui/react-accordion@1.2.20':
    resolution: {integrity: sha512-jDhG9FvAEnlhnjrsINbNXcUa4G+L1KqSkJSunkbKEzFRcAb52jvM0PjPxPRvhe1HNc5F5yc0yzzWeeqlH4yBIg==}
    peerDependencies:
      '@types/react': '*'
      '@types/react-dom': '*'
      react: ^16.8 || ^17.0 || ^18.0 || ^19.0 || ^19.0.0-rc
      react-dom: ^16.8 || ^17.0 || ^18.0 || ^19.0 || ^19.0.0-rc
    peerDependenciesMeta:
      '@types/react':
        optional: true
      '@types/react-dom':
        optional: true

  '@radix-ui/react-arrow@1.1.15':
    resolution: {integrity: sha512-v4zggRcjadnI+ClKDuijlQEW4tw3NoaeHc/PwpKnLoLLKNUG4InLegkstooLcRIUWCs+8L22dGURCVuFfOKfnA==}
    peerDependencies:
      '@types/react': '*'
      '@types/react-dom': '*'
      react: ^16.8 || ^17.0 || ^18.0 || ^19.0 || ^19.0.0-rc
      react-dom: ^16.8 || ^17.0 || ^18.0 || ^19.0 || ^19.0.0-rc
    peerDependenciesMeta:
      '@types/react':
        optional: true
      '@types/react-dom':
        optional: true

  '@radix-ui/react-aspect-ratio@1.1.15':
    resolution: {integrity: sha512-fy+dyVR+90nelK8rqIznFlxzx7uPcGbhxH8Nfr2bHb4UfSe+e3hklOC0luK0hDwVwnRX7xTRySpsrQVeW+/oNQ==}
    peerDependencies:
      '@types/react': '*'
      '@types/react-dom': '*'
      react: ^16.8 || ^17.0 || ^18.0 || ^19.0 || ^19.0.0-rc
      react-dom: ^16.8 || ^17.0 || ^18.0 || ^19.0 || ^19.0.0-rc
    peerDependenciesMeta:
      '@types/react':
        optional: true
      '@types/react-dom':
        optional: true

  '@radix-ui/react-avatar@1.2.6':
    resolution: {integrity: sha512-4ULOTJ/mqy2hT9GlWa/MFHxHSvH3nJzHnZM1waNsc5Bonv7i70aNenghXmD97S6OJ81ekXONGGt4nT1r0PfEdA==}
    peerDependencies:
      '@types/react': '*'
      '@types/react-dom': '*'
      react: ^16.8 || ^17.0 || ^18.0 || ^19.0 || ^19.0.0-rc
      react-dom: ^16.8 || ^17.0 || ^18.0 || ^19.0 || ^19.0.0-rc
    peerDependenciesMeta:
      '@types/react':
        optional: true
      '@types/react-dom':
        optional: true

  '@radix-ui/react-checkbox@1.3.11':
    resolution: {integrity: sha512-Gnptr9pDDQxD3hgq2dtPbtrp/c2qH1mBwIzw3X/ivrMb2e1t0jMTi606fVEqFPaQR1ggXIVQWKj3P2WW9v7zGQ==}
    peerDependencies:
      '@types/react': '*'
      '@types/react-dom': '*'
      react: ^16.8 || ^17.0 || ^18.0 || ^19.0 || ^19.0.0-rc
      react-dom: ^16.8 || ^17.0 || ^18.0 || ^19.0 || ^19.0.0-rc
    peerDependenciesMeta:
      '@types/react':
        optional: true
      '@types/react-dom':
        optional: true

  '@radix-ui/react-collapsible@1.1.20':
    resolution: {integrity: sha512-mcGesGplBnzN2sbvJETzpCNfSMyPnb29q1GRLU+Ib7bJrpIG2ywmRoh2V5VbA2uNvKikKUlVbAPks7JDjz4A8Q==}
    peerDependencies:
      '@types/react': '*'
      '@types/react-dom': '*'
      react: ^16.8 || ^17.0 || ^18.0 || ^19.0 || ^19.0.0-rc
      react-dom: ^16.8 || ^17.0 || ^18.0 || ^19.0 || ^19.0.0-rc
    peerDependenciesMeta:
      '@types/react':
        optional: true
      '@types/react-dom':
        optional: true

  '@radix-ui/react-collection@1.1.15':
    resolution: {integrity: sha512-9W+B9NPF0NaaPh/1NJd3+KqsnlLqU9H7T2rvww+fp+T/evVXdNAyYcnfRQZFOjkR1ajQp3yORlqnI8soawLvNA==}
    peerDependencies:
      '@types/react': '*'
      '@types/react-dom': '*'
      react: ^16.8 || ^17.0 || ^18.0 || ^19.0 || ^19.0.0-rc
      react-dom: ^16.8 || ^17.0 || ^18.0 || ^19.0 || ^19.0.0-rc
    peerDependenciesMeta:
      '@types/react':
        optional: true
      '@types/react-dom':
        optional: true

  '@radix-ui/react-compose-refs@1.1.5':
    resolution: {integrity: sha512-+48PbAAbq3didjJxa+OaWY2ZwgAKsNiRGyeHKszblZMQ+kcpd9pAaT11cMkGEie0vsOi3QdeTE6d5Fe3Gn61kA==}
    peerDependencies:
      '@types/react': '*'
      react: ^16.8 || ^17.0 || ^18.0 || ^19.0 || ^19.0.0-rc
    peerDependenciesMeta:
      '@types/react':
        optional: true

  '@radix-ui/react-context-menu@2.3.7':
    resolution: {integrity: sha512-CtXP35dxaB5T3zXSd+E3uHe/QpXcpYnZmxp6OaIbfthtfW4wyb77M23BG+bwIJDtsMwEP/YssdsmNyZu7jhWew==}
    peerDependencies:
      '@types/react': '*'
      '@types/react-dom': '*'
      react: ^16.8 || ^17.0 || ^18.0 || ^19.0 || ^19.0.0-rc